// !$*UTF8*$!
{
	archiveVersion = 1;
	classes = {
	};
	objectVersion = 50;
	objects = {

/* Begin PBXBuildFile section */
		CB5186D2261F86420003DF9C /* CartVC.swift in Sources */ = {isa = PBXBuildFile; fileRef = CB5186D1261F86420003DF9C /* CartVC.swift */; };
		CB77D6A2261DE9D500927FA9 /* AppDelegate.swift in Sources */ = {isa = PBXBuildFile; fileRef = CB77D6A1261DE9D500927FA9 /* AppDelegate.swift */; };
		CB77D6A4261DE9D500927FA9 /* SceneDelegate.swift in Sources */ = {isa = PBXBuildFile; fileRef = CB77D6A3261DE9D500927FA9 /* SceneDelegate.swift */; };
		CB77D6A9261DE9D500927FA9 /* Main.storyboard in Resources */ = {isa = PBXBuildFile; fileRef = CB77D6A7261DE9D500927FA9 /* Main.storyboard */; };
		CB77D6AB261DE9D500927FA9 /* Assets.xcassets in Resources */ = {isa = PBXBuildFile; fileRef = CB77D6AA261DE9D500927FA9 /* Assets.xcassets */; };
		CB77D6AE261DE9D500927FA9 /* LaunchScreen.storyboard in Resources */ = {isa = PBXBuildFile; fileRef = CB77D6AC261DE9D500927FA9 /* LaunchScreen.storyboard */; };
		CB77D6BB261DF14D00927FA9 /* StoreFrontVC.swift in Sources */ = {isa = PBXBuildFile; fileRef = CB77D6BA261DF14D00927FA9 /* StoreFrontVC.swift */; };
		CB77D6BF261DFB4E00927FA9 /* Product.swift in Sources */ = {isa = PBXBuildFile; fileRef = CB77D6BE261DFB4E00927FA9 /* Product.swift */; };
		CB77D6C2261DFC6000927FA9 /* ProductCell.swift in Sources */ = {isa = PBXBuildFile; fileRef = CB77D6C1261DFC6000927FA9 /* ProductCell.swift */; };
		CB77D6C6261E93CB00927FA9 /* Service.swift in Sources */ = {isa = PBXBuildFile; fileRef = CB77D6C5261E93CB00927FA9 /* Service.swift */; };
		CB77D6CA261EA51700927FA9 /* Extensions.swift in Sources */ = {isa = PBXBuildFile; fileRef = CB77D6C9261EA51700927FA9 /* Extensions.swift */; };
		CB77D6D5261ED91E00927FA9 /* AddToCartVC.swift in Sources */ = {isa = PBXBuildFile; fileRef = CB77D6D4261ED91E00927FA9 /* AddToCartVC.swift */; };
/* End PBXBuildFile section */

/* Begin PBXFileReference section */
		CB5186D1261F86420003DF9C /* CartVC.swift */ = {isa = PBXFileReference; lastKnownFileType = sourcecode.swift; path = CartVC.swift; sourceTree = "<group>"; };
		CB77D69E261DE9D500927FA9 /* ShoeShock.app */ = {isa = PBXFileReference; explicitFileType = wrapper.application; includeInIndex = 0; path = ShoeShock.app; sourceTree = BUILT_PRODUCTS_DIR; };
		CB77D6A1261DE9D500927FA9 /* AppDelegate.swift */ = {isa = PBXFileReference; lastKnownFileType = sourcecode.swift; path = AppDelegate.swift; sourceTree = "<group>"; };
		CB77D6A3261DE9D500927FA9 /* SceneDelegate.swift */ = {isa = PBXFileReference; lastKnownFileType = sourcecode.swift; path = SceneDelegate.swift; sourceTree = "<group>"; };
		CB77D6A8261DE9D500927FA9 /* Base */ = {isa = PBXFileReference; lastKnownFileType = file.storyboard; name = Base; path = Base.lproj/Main.storyboard; sourceTree = "<group>"; };
		CB77D6AA261DE9D500927FA9 /* Assets.xcassets */ = {isa = PBXFileReference; lastKnownFileType = folder.assetcatalog; path = Assets.xcassets; sourceTree = "<group>"; };
		CB77D6AD261DE9D500927FA9 /* Base */ = {isa = PBXFileReference; lastKnownFileType = file.storyboard; name = Base; path = Base.lproj/LaunchScreen.storyboard; sourceTree = "<group>"; };
		CB77D6AF261DE9D500927FA9 /* Info.plist */ = {isa = PBXFileReference; lastKnownFileType = text.plist.xml; path = Info.plist; sourceTree = "<group>"; };
		CB77D6BA261DF14D00927FA9 /* StoreFrontVC.swift */ = {isa = PBXFileReference; lastKnownFileType = sourcecode.swift; path = StoreFrontVC.swift; sourceTree = "<group>"; };
		CB77D6BE261DFB4E00927FA9 /* Product.swift */ = {isa = PBXFileReference; lastKnownFileType = sourcecode.swift; path = Product.swift; sourceTree = "<group>"; };
		CB77D6C1261DFC6000927FA9 /* ProductCell.swift */ = {isa = PBXFileReference; lastKnownFileType = sourcecode.swift; path = ProductCell.swift; sourceTree = "<group>"; };
		CB77D6C5261E93CB00927FA9 /* Service.swift */ = {isa = PBXFileReference; lastKnownFileType = sourcecode.swift; path = Service.swift; sourceTree = "<group>"; };
		CB77D6C9261EA51700927FA9 /* Extensions.swift */ = {isa = PBXFileReference; lastKnownFileType = sourcecode.swift; path = Extensions.swift; sourceTree = "<group>"; };
		CB77D6D4261ED91E00927FA9 /* AddToCartVC.swift */ = {isa = PBXFileReference; lastKnownFileType = sourcecode.swift; path = AddToCartVC.swift; sourceTree = "<group>"; };
/* End PBXFileReference section */

/* Begin PBXFrameworksBuildPhase section */
		CB77D69B261DE9D500927FA9 /* Frameworks */ = {
			isa = PBXFrameworksBuildPhase;
			buildActionMask = 2147483647;
			files = (
			);
			runOnlyForDeploymentPostprocessing = 0;
		};
/* End PBXFrameworksBuildPhase section */

/* Begin PBXGroup section */
		CB77D695261DE9D500927FA9 = {
			isa = PBXGroup;
			children = (
				CB77D6A0261DE9D500927FA9 /* ShoeShock */,
				CB77D69F261DE9D500927FA9 /* Products */,
			);
			sourceTree = "<group>";
		};
		CB77D69F261DE9D500927FA9 /* Products */ = {
			isa = PBXGroup;
			children = (
				CB77D69E261DE9D500927FA9 /* ShoeShock.app */,
			);
			name = Products;
			sourceTree = "<group>";
		};
		CB77D6A0261DE9D500927FA9 /* ShoeShock */ = {
			isa = PBXGroup;
			children = (
				CB77D6C8261EA50600927FA9 /* Utilities */,
				CB77D6B9261DF13400927FA9 /* Model */,
				CB77D6B8261DF12E00927FA9 /* View */,
				CB77D6B7261DF12300927FA9 /* Controller */,
				CB77D6A1261DE9D500927FA9 /* AppDelegate.swift */,
				CB77D6A3261DE9D500927FA9 /* SceneDelegate.swift */,
				CB77D6A7261DE9D500927FA9 /* Main.storyboard */,
				CB77D6AA261DE9D500927FA9 /* Assets.xcassets */,
				CB77D6AC261DE9D500927FA9 /* LaunchScreen.storyboard */,
				CB77D6AF261DE9D500927FA9 /* Info.plist */,
			);
			path = ShoeShock;
			sourceTree = "<group>";
		};
		CB77D6B7261DF12300927FA9 /* Controller */ = {
			isa = PBXGroup;
			children = (
				CB77D6BA261DF14D00927FA9 /* StoreFrontVC.swift */,
				CB77D6D4261ED91E00927FA9 /* AddToCartVC.swift */,
				CB5186D1261F86420003DF9C /* CartVC.swift */,
			);
			path = Controller;
			sourceTree = "<group>";
		};
		CB77D6B8261DF12E00927FA9 /* View */ = {
			isa = PBXGroup;
			children = (
				CB77D6C1261DFC6000927FA9 /* ProductCell.swift */,
			);
			path = View;
			sourceTree = "<group>";
		};
		CB77D6B9261DF13400927FA9 /* Model */ = {
			isa = PBXGroup;
			children = (
				CB77D6BE261DFB4E00927FA9 /* Product.swift */,
				CB77D6C5261E93CB00927FA9 /* Service.swift */,
			);
			path = Model;
			sourceTree = "<group>";
		};
		CB77D6C8261EA50600927FA9 /* Utilities */ = {
			isa = PBXGroup;
			children = (
				CB77D6C9261EA51700927FA9 /* Extensions.swift */,
			);
			path = Utilities;
			sourceTree = "<group>";
		};
/* End PBXGroup section */

/* Begin PBXNativeTarget section */
		CB77D69D261DE9D500927FA9 /* ShoeShock */ = {
			isa = PBXNativeTarget;
			buildConfigurationList = CB77D6B2261DE9D500927FA9 /* Build configuration list for PBXNativeTarget "ShoeShock" */;
			buildPhases = (
				CB77D69A261DE9D500927FA9 /* Sources */,
				CB77D69B261DE9D500927FA9 /* Frameworks */,
				CB77D69C261DE9D500927FA9 /* Resources */,
			);
			buildRules = (
			);
			dependencies = (
			);
			name = ShoeShock;
			productName = ShoeShock;
			productReference = CB77D69E261DE9D500927FA9 /* ShoeShock.app */;
			productType = "com.apple.product-type.application";
		};
/* End PBXNativeTarget section */

/* Begin PBXProject section */
		CB77D696261DE9D500927FA9 /* Project object */ = {
			isa = PBXProject;
			attributes = {
				LastSwiftUpdateCheck = 1240;
				LastUpgradeCheck = 1240;
				TargetAttributes = {
					CB77D69D261DE9D500927FA9 = {
						CreatedOnToolsVersion = 12.4;
					};
				};
			};
			buildConfigurationList = CB77D699261DE9D500927FA9 /* Build configuration list for PBXProject "ShoeShock" */;
			compatibilityVersion = "Xcode 9.3";
			developmentRegion = en;
			hasScannedForEncodings = 0;
			knownRegions = (
				en,
				Base,
			);
			mainGroup = CB77D695261DE9D500927FA9;
			productRefGroup = CB77D69F261DE9D500927FA9 /* Products */;
			projectDirPath = "";
			projectRoot = "";
			targets = (
				CB77D69D261DE9D500927FA9 /* ShoeShock */,
			);
		};
/* End PBXProject section */

/* Begin PBXResourcesBuildPhase section */
		CB77D69C261DE9D500927FA9 /* Resources */ = {
			isa = PBXResourcesBuildPhase;
			buildActionMask = 2147483647;
			files = (
				CB77D6AE261DE9D500927FA9 /* LaunchScreen.storyboard in Resources */,
				CB77D6AB261DE9D500927FA9 /* Assets.xcassets in Resources */,
				CB77D6A9261DE9D500927FA9 /* Main.storyboard in Resources */,
			);
			runOnlyForDeploymentPostprocessing = 0;
		};
/* End PBXResourcesBuildPhase section */

/* Begin PBXSourcesBuildPhase section */
		CB77D69A261DE9D500927FA9 /* Sources */ = {
			isa = PBXSourcesBuildPhase;
			buildActionMask = 2147483647;
			files = (
				CB77D6A2261DE9D500927FA9 /* AppDelegate.swift in Sources */,
				CB77D6BF261DFB4E00927FA9 /* Product.swift in Sources */,
				CB77D6C2261DFC6000927FA9 /* ProductCell.swift in Sources */,
				CB77D6D5261ED91E00927FA9 /* AddToCartVC.swift in Sources */,
				CB77D6A4261DE9D500927FA9 /* SceneDelegate.swift in Sources */,
				CB5186D2261F86420003DF9C /* CartVC.swift in Sources */,
				CB77D6BB261DF14D00927FA9 /* StoreFrontVC.swift in Sources */,
				CB77D6C6261E93CB00927FA9 /* Service.swift in Sources */,
				CB77D6CA261EA51700927FA9 /* Extensions.swift in Sources */,
			);
			runOnlyForDeploymentPostprocessing = 0;
		};
/* End PBXSourcesBuildPhase section */

/* Begin PBXVariantGroup section */
		CB77D6A7261DE9D500927FA9 /* Main.storyboard */ = {
			isa = PBXVariantGroup;
			children = (
				CB77D6A8261DE9D500927FA9 /* Base */,
			);
			name = Main.storyboard;
			sourceTree = "<group>";
		};
		CB77D6AC261DE9D500927FA9 /* LaunchScreen.storyboard */ = {
			isa = PBXVariantGroup;
			children = (
				CB77D6AD261DE9D500927FA9 /* Base */,
			);
			name = LaunchScreen.storyboard;
			sourceTree = "<group>";
		};
/* End PBXVariantGroup section */

/* Begin XCBuildConfiguration section */
		CB77D6B0261DE9D500927FA9 /* Debug */ = {
			isa = XCBuildConfiguration;
			buildSettings = {
				ALWAYS_SEARCH_USER_PATHS = NO;
				CLANG_ANALYZER_NONNULL = YES;
				CLANG_ANALYZER_NUMBER_OBJECT_CONVERSION = YES_AGGRESSIVE;
				CLANG_CXX_LANGUAGE_STANDARD = "gnu++14";
				CLANG_CXX_LIBRARY = "libc++";
				CLANG_ENABLE_MODULES = YES;
				CLANG_ENABLE_OBJC_ARC = YES;
				CLANG_ENABLE_OBJC_WEAK = YES;
				CLANG_WARN_BLOCK_CAPTURE_AUTORELEASING = YES;
				CLANG_WARN_BOOL_CONVERSION = YES;
				CLANG_WARN_COMMA = YES;
				CLANG_WARN_CONSTANT_CONVERSION = YES;
				CLANG_WARN_DEPRECATED_OBJC_IMPLEMENTATIONS = YES;
				CLANG_WARN_DIRECT_OBJC_ISA_USAGE = YES_ERROR;
				CLANG_WARN_DOCUMENTATION_COMMENTS = YES;
				CLANG_WARN_EMPTY_BODY = YES;
				CLANG_WARN_ENUM_CONVERSION = YES;
				CLANG_WARN_INFINITE_RECURSION = YES;
				CLANG_WARN_INT_CONVERSION = YES;
				CLANG_WARN_NON_LITERAL_NULL_CONVERSION = YES;
				CLANG_WARN_OBJC_IMPLICIT_RETAIN_SELF = YES;
				CLANG_WARN_OBJC_LITERAL_CONVERSION = YES;
				CLANG_WARN_OBJC_ROOT_CLASS = YES_ERROR;
				CLANG_WARN_QUOTED_INCLUDE_IN_FRAMEWORK_HEADER = YES;
				CLANG_WARN_RANGE_LOOP_ANALYSIS = YES;
				CLANG_WARN_STRICT_PROTOTYPES = YES;
				CLANG_WARN_SUSPICIOUS_MOVE = YES;
				CLANG_WARN_UNGUARDED_AVAILABILITY = YES_AGGRESSIVE;
				CLANG_WARN_UNREACHABLE_CODE = YES;
				CLANG_WARN__DUPLICATE_METHOD_MATCH = YES;
				COPY_PHASE_STRIP = NO;
				DEBUG_INFORMATION_FORMAT = dwarf;
				ENABLE_STRICT_OBJC_MSGSEND = YES;
				ENABLE_TESTABILITY = YES;
				GCC_C_LANGUAGE_STANDARD = gnu11;
				GCC_DYNAMIC_NO_PIC = NO;
				GCC_NO_COMMON_BLOCKS = YES;
				GCC_OPTIMIZATION_LEVEL = 0;
				GCC_PREPROCESSOR_DEFINITIONS = (
					"DEBUG=1",
					"$(inherited)",
				);
				GCC_WARN_64_TO_32_BIT_CONVERSION = YES;
				GCC_WARN_ABOUT_RETURN_TYPE = YES_ERROR;
				GCC_WARN_UNDECLARED_SELECTOR = YES;
				GCC_WARN_UNINITIALIZED_AUTOS = YES_AGGRESSIVE;
				GCC_WARN_UNUSED_FUNCTION = YES;
				GCC_WARN_UNUSED_VARIABLE = YES;
				IPHONEOS_DEPLOYMENT_TARGET = 14.4;
				MTL_ENABLE_DEBUG_INFO = INCLUDE_SOURCE;
				MTL_FAST_MATH = YES;
				ONLY_ACTIVE_ARCH = YES;
				SDKROOT = iphoneos;
				SWIFT_ACTIVE_COMPILATION_CONDITIONS = DEBUG;
				SWIFT_OPTIMIZATION_LEVEL = "-Onone";
			};
			name = Debug;
		};
		CB77D6B1261DE9D500927FA9 /* Release */ = {
			isa = XCBuildConfiguration;
			buildSettings = {
				ALWAYS_SEARCH_USER_PATHS = NO;
				CLANG_ANALYZER_NONNULL = YES;
				CLANG_ANALYZER_NUMBER_OBJECT_CONVERSION = YES_AGGRESSIVE;
				CLANG_CXX_LANGUAGE_STANDARD = "gnu++14";
				CLANG_CXX_LIBRARY = "libc++";
				CLANG_ENABLE_MODULES = YES;
				CLANG_ENABLE_OBJC_ARC = YES;
				CLANG_ENABLE_OBJC_WEAK = YES;
				CLANG_WARN_BLOCK_CAPTURE_AUTORELEASING = YES;
				CLANG_WARN_BOOL_CONVERSION = YES;
				CLANG_WARN_COMMA = YES;
				CLANG_WARN_CONSTANT_CONVERSION = YES;
				CLANG_WARN_DEPRECATED_OBJC_IMPLEMENTATIONS = YES;
				CLANG_WARN_DIRECT_OBJC_ISA_USAGE = YES_ERROR;
				CLANG_WARN_DOCUMENTATION_COMMENTS = YES;
				CLANG_WARN_EMPTY_BODY = YES;
				CLANG_WARN_ENUM_CONVERSION = YES;
				CLANG_WARN_INFINITE_RECURSION = YES;
				CLANG_WARN_INT_CONVERSION = YES;
				CLANG_WARN_NON_LITERAL_NULL_CONVERSION = YES;
				CLANG_WARN_OBJC_IMPLICIT_RETAIN_SELF = YES;
				CLANG_WARN_OBJC_LITERAL_CONVERSION = YES;
				CLANG_WARN_OBJC_ROOT_CLASS = YES_ERROR;
				CLANG_WARN_QUOTED_INCLUDE_IN_FRAMEWORK_HEADER = YES;
				CLANG_WARN_RANGE_LOOP_ANALYSIS = YES;
				CLANG_WARN_STRICT_PROTOTYPES = YES;
				CLANG_WARN_SUSPICIOUS_MOVE = YES;
				CLANG_WARN_UNGUARDED_AVAILABILITY = YES_AGGRESSIVE;
				CLANG_WARN_UNREACHABLE_CODE = YES;
				CLANG_WARN__DUPLICATE_METHOD_MATCH = YES;
				COPY_PHASE_STRIP = NO;
				DEBUG_INFORMATION_FORMAT = "dwarf-with-dsym";
				ENABLE_NS_ASSERTIONS = NO;
				ENABLE_STRICT_OBJC_MSGSEND = YES;
				GCC_C_LANGUAGE_STANDARD = gnu11;
				GCC_NO_COMMON_BLOCKS = YES;
				GCC_WARN_64_TO_32_BIT_CONVERSION = YES;
				GCC_WARN_ABOUT_RETURN_TYPE = YES_ERROR;
				GCC_WARN_UNDECLARED_SELECTOR = YES;
				GCC_WARN_UNINITIALIZED_AUTOS = YES_AGGRESSIVE;
				GCC_WARN_UNUSED_FUNCTION = YES;
				GCC_WARN_UNUSED_VARIABLE = YES;
				IPHONEOS_DEPLOYMENT_TARGET = 14.4;
				MTL_ENABLE_DEBUG_INFO = NO;
				MTL_FAST_MATH = YES;
				SDKROOT = iphoneos;
				SWIFT_COMPILATION_MODE = wholemodule;
				SWIFT_OPTIMIZATION_LEVEL = "-O";
				VALIDATE_PRODUCT = YES;
			};
			name = Release;
		};
		CB77D6B3261DE9D500927FA9 /* Debug */ = {
			isa = XCBuildConfiguration;
			buildSettings = {
				ASSETCATALOG_COMPILER_APPICON_NAME = AppIcon;
				ASSETCATALOG_COMPILER_GLOBAL_ACCENT_COLOR_NAME = AccentColor;
				CODE_SIGN_STYLE = Automatic;
				DEVELOPMENT_TEAM = KG5A8K7RKR;
				INFOPLIST_FILE = ShoeShock/Info.plist;
				LD_RUNPATH_SEARCH_PATHS = (
					"$(inherited)",
					"@executable_path/Frameworks",
				);
				PRODUCT_BUNDLE_IDENTIFIER = com.herbiedodge.ShoeShock;
				PRODUCT_NAME = "$(TARGET_NAME)";
				SWIFT_VERSION = 5.0;
				TARGETED_DEVICE_FAMILY = "1,2";
			};
			name = Debug;
		};
		CB77D6B4261DE9D500927FA9 /* Release */ = {
			isa = XCBuildConfiguration;
			buildSettings = {
				ASSETCATALOG_COMPILER_APPICON_NAME = AppIcon;
				ASSETCATALOG_COMPILER_GLOBAL_ACCENT_COLOR_NAME = AccentColor;
				CODE_SIGN_STYLE = Automatic;
				DEVELOPMENT_TEAM = KG5A8K7RKR;
				INFOPLIST_FILE = ShoeShock/Info.plist;
				LD_RUNPATH_SEARCH_PATHS = (
					"$(inherited)",
					"@executable_path/Frameworks",
				);
				PRODUCT_BUNDLE_IDENTIFIER = com.herbiedodge.ShoeShock;
				PRODUCT_NAME = "$(TARGET_NAME)";
				SWIFT_VERSION = 5.0;
				TARGETED_DEVICE_FAMILY = "1,2";
			};
			name = Release;
		};
/* End XCBuildConfiguration section */

/* Begin XCConfigurationList section */
		CB77D699261DE9D500927FA9 /* Build configuration list for PBXProject "ShoeShock" */ = {
			isa = XCConfigurationList;
			buildConfigurations = (
				CB77D6B0261DE9D500927FA9 /* Debug */,
				CB77D6B1261DE9D500927FA9 /* Release */,
			);
			defaultConfigurationIsVisible = 0;
			defaultConfigurationName = Release;
		};
		CB77D6B2261DE9D500927FA9 /* Build configuration list for PBXNativeTarget "ShoeShock" */ = {
			isa = XCConfigurationList;
			buildConfigurations = (
				CB77D6B3261DE9D500927FA9 /* Debug */,
				CB77D6B4261DE9D500927FA9 /* Release */,
			);
			defaultConfigurationIsVisible = 0;
			defaultConfigurationName = Release;
		};
/* End XCConfigurationList section */
	};
	rootObject = CB77D696261DE9D500927FA9 /* Project object */;
}
